
Microsoft Visual Studio Solution File, Format Version 12.00
# Visual Studio Version 17
VisualStudioVersion = 17.2.32516.85
MinimumVisualStudioVersion = 10.0.40219.1
Project("{9A19103F-16F7-4668-BE54-9A1E7A4F7556}") = "L3T.Ticket", "L3T.Ticket\L3T.Ticket.csproj", "{734FDA06-04EB-4FE1-BA00-0D8F951D2F49}"
EndProject
Project("{9A19103F-16F7-4668-BE54-9A1E7A4F7556}") = "L3T.Infrastructure.Helpers", "L3T.Infrastructure.Helpers\L3T.Infrastructure.Helpers.csproj", "{0A90375E-C58D-4FAC-BF7B-E58C72BA091B}"
EndProject
Project("{9A19103F-16F7-4668-BE54-9A1E7A4F7556}") = "L3T.Utility", "L3T.Utility\L3T.Utility.csproj", "{6B7F254A-DA41-4549-ADC5-5FD459BA7B7B}"
EndProject
Project("{9A19103F-16F7-4668-BE54-9A1E7A4F7556}") = "L3T.Ticket.Consumers", "L3T.Ticket.Consumers\L3T.Ticket.Consumers.csproj", "{E16B9CDF-9E40-4362-B370-19E8E1210A48}"
EndProject
Project("{9A19103F-16F7-4668-BE54-9A1E7A4F7556}") = "L3TIdentityTokenServer", "L3TIdentityTokenServer\L3TIdentityTokenServer.csproj", "{3D84EF02-7765-46FE-AEE3-11878ECAD7F4}"
EndProject
Project("{9A19103F-16F7-4668-BE54-9A1E7A4F7556}") = "L3TIdentityOAuth2Server", "L3TIdentityOAuth2Server\L3TIdentityOAuth2Server.csproj", "{0F09EE18-F9B5-4A8C-9F9D-7F1A4D3B259B}"
EndProject
Project("{9A19103F-16F7-4668-BE54-9A1E7A4F7556}") = "L3T.CAMS", "L3T.CAMS\L3T.CAMS.csproj", "{CA803489-5988-47CF-8A9F-B9B7595D07AF}"
EndProject
Project("{9A19103F-16F7-4668-BE54-9A1E7A4F7556}") = "L3T.SMSNotify", "L3T.SMSNotify\L3T.SMSNotify.csproj", "{9214B6DC-CD10-40D5-BDEB-73262195D3DA}"
EndProject
Project("{9A19103F-16F7-4668-BE54-9A1E7A4F7556}") = "L3T.BTS", "L3T.BTS\L3T.BTS.csproj", "{0F99FC57-6D58-4DF4-B736-1E662A9B4A32}"
EndProject
Project("{9A19103F-16F7-4668-BE54-9A1E7A4F7556}") = "L3T.OLT", "L3T.OLT\L3T.OLT.csproj", "{C183E704-EA35-415D-B3CB-D56E860B8BC5}"
EndProject
Project("{9A19103F-16F7-4668-BE54-9A1E7A4F7556}") = "L3T.Location", "L3T.Location\L3T.Location.csproj", "{E9539744-4E0C-48D1-BEF3-734446C95D37}"
EndProject
Project("{9A19103F-16F7-4668-BE54-9A1E7A4F7556}") = "L3T.IPService", "L3T.IPService\L3T.IPService.csproj", "{572C000F-83A7-4D4E-BBF1-9972AB6D6551}"
EndProject
Project("{9A19103F-16F7-4668-BE54-9A1E7A4F7556}") = "L3T.FieldForceApi", "L3T.FieldForceApi\L3T.FieldForceApi.csproj", "{9C6F7354-E1E3-4678-A15A-55B569F6EEA8}"
EndProject
Project("{9A19103F-16F7-4668-BE54-9A1E7A4F7556}") = "L3T.ApiGateway", "L3T.ApiGateway\L3T.ApiGateway.csproj", "{ACCF9DDD-355B-44D4-9194-C7F162DFC145}"
EndProject
Project("{9A19103F-16F7-4668-BE54-9A1E7A4F7556}") = "L3T.SelfcareAPI", "L3T.SelfcareAPI\L3T.SelfcareAPI.csproj", "{D71F256E-32AE-4485-ACCF-B4A66CCEF975}"
EndProject
Project("{9A19103F-16F7-4668-BE54-9A1E7A4F7556}") = "L3T.ScheduledJob", "L3T.ScheduledJob\L3T.ScheduledJob.csproj", "{41AD8D53-9141-4602-BE22-F761668AAFAB}"
	ProjectSection(ProjectDependencies) = postProject
		{0A90375E-C58D-4FAC-BF7B-E58C72BA091B} = {0A90375E-C58D-4FAC-BF7B-E58C72BA091B}
	EndProjectSection
EndProject
Project("{9A19103F-16F7-4668-BE54-9A1E7A4F7556}") = "L3T.Caching", "L3T.Caching\L3T.Caching.csproj", "{0CD1B16C-252E-4157-8290-B2F09BECFDF4}"
EndProject
Project("{FAE04EC0-301F-11D3-BF4B-00C04F79EFBC}") = "L3T.PPPoEService", "L3T.PPPoEService\L3T.PPPoEService.csproj", "{625D2AFE-20F6-40EF-95DB-EF76190BFD62}"
EndProject
Global
	GlobalSection(SolutionConfigurationPlatforms) = preSolution
		Debug|Any CPU = Debug|Any CPU
		Release|Any CPU = Release|Any CPU
	EndGlobalSection
	GlobalSection(ProjectConfigurationPlatforms) = postSolution
		{734FDA06-04EB-4FE1-BA00-0D8F951D2F49}.Debug|Any CPU.ActiveCfg = Debug|Any CPU
		{734FDA06-04EB-4FE1-BA00-0D8F951D2F49}.Debug|Any CPU.Build.0 = Debug|Any CPU
		{734FDA06-04EB-4FE1-BA00-0D8F951D2F49}.Release|Any CPU.ActiveCfg = Release|Any CPU
		{734FDA06-04EB-4FE1-BA00-0D8F951D2F49}.Release|Any CPU.Build.0 = Release|Any CPU
		{0A90375E-C58D-4FAC-BF7B-E58C72BA091B}.Debug|Any CPU.ActiveCfg = Debug|Any CPU
		{0A90375E-C58D-4FAC-BF7B-E58C72BA091B}.Debug|Any CPU.Build.0 = Debug|Any CPU
		{0A90375E-C58D-4FAC-BF7B-E58C72BA091B}.Release|Any CPU.ActiveCfg = Release|Any CPU
		{0A90375E-C58D-4FAC-BF7B-E58C72BA091B}.Release|Any CPU.Build.0 = Release|Any CPU
		{6B7F254A-DA41-4549-ADC5-5FD459BA7B7B}.Debug|Any CPU.ActiveCfg = Debug|Any CPU
		{6B7F254A-DA41-4549-ADC5-5FD459BA7B7B}.Debug|Any CPU.Build.0 = Debug|Any CPU
		{6B7F254A-DA41-4549-ADC5-5FD459BA7B7B}.Release|Any CPU.ActiveCfg = Release|Any CPU
		{6B7F254A-DA41-4549-ADC5-5FD459BA7B7B}.Release|Any CPU.Build.0 = Release|Any CPU
		{E16B9CDF-9E40-4362-B370-19E8E1210A48}.Debug|Any CPU.ActiveCfg = Debug|Any CPU
		{E16B9CDF-9E40-4362-B370-19E8E1210A48}.Debug|Any CPU.Build.0 = Debug|Any CPU
		{E16B9CDF-9E40-4362-B370-19E8E1210A48}.Release|Any CPU.ActiveCfg = Release|Any CPU
		{E16B9CDF-9E40-4362-B370-19E8E1210A48}.Release|Any CPU.Build.0 = Release|Any CPU
		{3D84EF02-7765-46FE-AEE3-11878ECAD7F4}.Debug|Any CPU.ActiveCfg = Debug|Any CPU
		{3D84EF02-7765-46FE-AEE3-11878ECAD7F4}.Debug|Any CPU.Build.0 = Debug|Any CPU
		{3D84EF02-7765-46FE-AEE3-11878ECAD7F4}.Release|Any CPU.ActiveCfg = Release|Any CPU
		{3D84EF02-7765-46FE-AEE3-11878ECAD7F4}.Release|Any CPU.Build.0 = Release|Any CPU
		{0F09EE18-F9B5-4A8C-9F9D-7F1A4D3B259B}.Debug|Any CPU.ActiveCfg = Debug|Any CPU
		{0F09EE18-F9B5-4A8C-9F9D-7F1A4D3B259B}.Debug|Any CPU.Build.0 = Debug|Any CPU
		{0F09EE18-F9B5-4A8C-9F9D-7F1A4D3B259B}.Release|Any CPU.ActiveCfg = Release|Any CPU
		{0F09EE18-F9B5-4A8C-9F9D-7F1A4D3B259B}.Release|Any CPU.Build.0 = Release|Any CPU
		{CA803489-5988-47CF-8A9F-B9B7595D07AF}.Debug|Any CPU.ActiveCfg = Debug|Any CPU
		{CA803489-5988-47CF-8A9F-B9B7595D07AF}.Debug|Any CPU.Build.0 = Debug|Any CPU
		{CA803489-5988-47CF-8A9F-B9B7595D07AF}.Release|Any CPU.ActiveCfg = Release|Any CPU
		{CA803489-5988-47CF-8A9F-B9B7595D07AF}.Release|Any CPU.Build.0 = Release|Any CPU
		{9214B6DC-CD10-40D5-BDEB-73262195D3DA}.Debug|Any CPU.ActiveCfg = Debug|Any CPU
		{9214B6DC-CD10-40D5-BDEB-73262195D3DA}.Debug|Any CPU.Build.0 = Debug|Any CPU
		{9214B6DC-CD10-40D5-BDEB-73262195D3DA}.Release|Any CPU.ActiveCfg = Release|Any CPU
		{9214B6DC-CD10-40D5-BDEB-73262195D3DA}.Release|Any CPU.Build.0 = Release|Any CPU
		{0F99FC57-6D58-4DF4-B736-1E662A9B4A32}.Debug|Any CPU.ActiveCfg = Debug|Any CPU
		{0F99FC57-6D58-4DF4-B736-1E662A9B4A32}.Debug|Any CPU.Build.0 = Debug|Any CPU
		{0F99FC57-6D58-4DF4-B736-1E662A9B4A32}.Release|Any CPU.ActiveCfg = Release|Any CPU
		{0F99FC57-6D58-4DF4-B736-1E662A9B4A32}.Release|Any CPU.Build.0 = Release|Any CPU
		{C183E704-EA35-415D-B3CB-D56E860B8BC5}.Debug|Any CPU.ActiveCfg = Debug|Any CPU
		{C183E704-EA35-415D-B3CB-D56E860B8BC5}.Debug|Any CPU.Build.0 = Debug|Any CPU
		{C183E704-EA35-415D-B3CB-D56E860B8BC5}.Release|Any CPU.ActiveCfg = Release|Any CPU
		{C183E704-EA35-415D-B3CB-D56E860B8BC5}.Release|Any CPU.Build.0 = Release|Any CPU
		{E9539744-4E0C-48D1-BEF3-734446C95D37}.Debug|Any CPU.ActiveCfg = Debug|Any CPU
		{E9539744-4E0C-48D1-BEF3-734446C95D37}.Debug|Any CPU.Build.0 = Debug|Any CPU
		{E9539744-4E0C-48D1-BEF3-734446C95D37}.Release|Any CPU.ActiveCfg = Release|Any CPU
		{E9539744-4E0C-48D1-BEF3-734446C95D37}.Release|Any CPU.Build.0 = Release|Any CPU
		{572C000F-83A7-4D4E-BBF1-9972AB6D6551}.Debug|Any CPU.ActiveCfg = Debug|Any CPU
		{572C000F-83A7-4D4E-BBF1-9972AB6D6551}.Debug|Any CPU.Build.0 = Debug|Any CPU
		{572C000F-83A7-4D4E-BBF1-9972AB6D6551}.Release|Any CPU.ActiveCfg = Release|Any CPU
		{572C000F-83A7-4D4E-BBF1-9972AB6D6551}.Release|Any CPU.Build.0 = Release|Any CPU
		{9C6F7354-E1E3-4678-A15A-55B569F6EEA8}.Debug|Any CPU.ActiveCfg = Debug|Any CPU
		{9C6F7354-E1E3-4678-A15A-55B569F6EEA8}.Debug|Any CPU.Build.0 = Debug|Any CPU
		{9C6F7354-E1E3-4678-A15A-55B569F6EEA8}.Release|Any CPU.ActiveCfg = Release|Any CPU
		{9C6F7354-E1E3-4678-A15A-55B569F6EEA8}.Release|Any CPU.Build.0 = Release|Any CPU
		{ACCF9DDD-355B-44D4-9194-C7F162DFC145}.Debug|Any CPU.ActiveCfg = Debug|Any CPU
		{ACCF9DDD-355B-44D4-9194-C7F162DFC145}.Debug|Any CPU.Build.0 = Debug|Any CPU
		{ACCF9DDD-355B-44D4-9194-C7F162DFC145}.Release|Any CPU.ActiveCfg = Release|Any CPU
		{ACCF9DDD-355B-44D4-9194-C7F162DFC145}.Release|Any CPU.Build.0 = Release|Any CPU
		{D71F256E-32AE-4485-ACCF-B4A66CCEF975}.Debug|Any CPU.ActiveCfg = Debug|Any CPU
		{D71F256E-32AE-4485-ACCF-B4A66CCEF975}.Debug|Any CPU.Build.0 = Debug|Any CPU
		{D71F256E-32AE-4485-ACCF-B4A66CCEF975}.Release|Any CPU.ActiveCfg = Release|Any CPU
		{D71F256E-32AE-4485-ACCF-B4A66CCEF975}.Release|Any CPU.Build.0 = Release|Any CPU
		{41AD8D53-9141-4602-BE22-F761668AAFAB}.Debug|Any CPU.ActiveCfg = Debug|Any CPU
		{41AD8D53-9141-4602-BE22-F761668AAFAB}.Debug|Any CPU.Build.0 = Debug|Any CPU
		{41AD8D53-9141-4602-BE22-F761668AAFAB}.Release|Any CPU.ActiveCfg = Release|Any CPU
		{41AD8D53-9141-4602-BE22-F761668AAFAB}.Release|Any CPU.Build.0 = Release|Any CPU
		{0CD1B16C-252E-4157-8290-B2F09BECFDF4}.Debug|Any CPU.ActiveCfg = Debug|Any CPU
		{0CD1B16C-252E-4157-8290-B2F09BECFDF4}.Debug|Any CPU.Build.0 = Debug|Any CPU
		{0CD1B16C-252E-4157-8290-B2F09BECFDF4}.Release|Any CPU.ActiveCfg = Release|Any CPU
		{0CD1B16C-252E-4157-8290-B2F09BECFDF4}.Release|Any CPU.Build.0 = Release|Any CPU
		{625D2AFE-20F6-40EF-95DB-EF76190BFD62}.Debug|Any CPU.ActiveCfg = Debug|Any CPU
		{625D2AFE-20F6-40EF-95DB-EF76190BFD62}.Debug|Any CPU.Build.0 = Debug|Any CPU
		{625D2AFE-20F6-40EF-95DB-EF76190BFD62}.Release|Any CPU.ActiveCfg = Release|Any CPU
		{625D2AFE-20F6-40EF-95DB-EF76190BFD62}.Release|Any CPU.Build.0 = Release|Any CPU
	EndGlobalSection
	GlobalSection(SolutionProperties) = preSolution
		HideSolutionNode = FALSE
	EndGlobalSection
	GlobalSection(ExtensibilityGlobals) = postSolution
		SolutionGuid = {1A8891B1-AAA5-4EEB-BAD6-BBC0EBC21B4E}
	EndGlobalSection
EndGlobal
